// !$*UTF8*$!
{
	archiveVersion = 1;
	classes = {
	};
	objectVersion = 46;
	objects = {

/* Begin PBXBuildFile section */
		83025AAE18B97EE500EB482E /* Foundation.framework in Frameworks */ = {isa = PBXBuildFile; fileRef = 83025AAD18B97EE500EB482E /* Foundation.framework */; };
		83025AB018B97EE500EB482E /* CoreGraphics.framework in Frameworks */ = {isa = PBXBuildFile; fileRef = 83025AAF18B97EE500EB482E /* CoreGraphics.framework */; };
		83025AB218B97EE500EB482E /* UIKit.framework in Frameworks */ = {isa = PBXBuildFile; fileRef = 83025AB118B97EE500EB482E /* UIKit.framework */; };
		83025AB818B97EE500EB482E /* InfoPlist.strings in Resources */ = {isa = PBXBuildFile; fileRef = 83025AB618B97EE500EB482E /* InfoPlist.strings */; };
		83025ABA18B97EE500EB482E /* main.m in Sources */ = {isa = PBXBuildFile; fileRef = 83025AB918B97EE500EB482E /* main.m */; };
		83025ABE18B97EE500EB482E /* CMBAppDelegate.m in Sources */ = {isa = PBXBuildFile; fileRef = 83025ABD18B97EE500EB482E /* CMBAppDelegate.m */; };
		83025AC018B97EE500EB482E /* Images.xcassets in Resources */ = {isa = PBXBuildFile; fileRef = 83025ABF18B97EE500EB482E /* Images.xcassets */; };
		83025AC718B97EE600EB482E /* XCTest.framework in Frameworks */ = {isa = PBXBuildFile; fileRef = 83025AC618B97EE600EB482E /* XCTest.framework */; };
		83025AC818B97EE600EB482E /* Foundation.framework in Frameworks */ = {isa = PBXBuildFile; fileRef = 83025AAD18B97EE500EB482E /* Foundation.framework */; };
		83025AC918B97EE600EB482E /* UIKit.framework in Frameworks */ = {isa = PBXBuildFile; fileRef = 83025AB118B97EE500EB482E /* UIKit.framework */; };
		83025AD118B97EE600EB482E /* InfoPlist.strings in Resources */ = {isa = PBXBuildFile; fileRef = 83025ACF18B97EE600EB482E /* InfoPlist.strings */; };
		83025AD318B97EE600EB482E /* ClaremontBooksTests.m in Sources */ = {isa = PBXBuildFile; fileRef = 83025AD218B97EE600EB482E /* ClaremontBooksTests.m */; };
		83025ADE18B9800100EB482E /* CMBMainScreenViewController.m in Sources */ = {isa = PBXBuildFile; fileRef = 83025ADD18B9800100EB482E /* CMBMainScreenViewController.m */; };
		83025AE618B9863500EB482E /* CMBNewBookEntryViewController.m in Sources */ = {isa = PBXBuildFile; fileRef = 83025AE518B9863500EB482E /* CMBNewBookEntryViewController.m */; };
		83025AEF18BC124A00EB482E /* TPKeyboardAvoidingScrollView.m in Sources */ = {isa = PBXBuildFile; fileRef = 83025AEE18BC124A00EB482E /* TPKeyboardAvoidingScrollView.m */; };
		83025AF218BC12ED00EB482E /* UIScrollView+TPKeyboardAvoidingAdditions.m in Sources */ = {isa = PBXBuildFile; fileRef = 83025AF118BC12ED00EB482E /* UIScrollView+TPKeyboardAvoidingAdditions.m */; };
		83025AF718BC1C8900EB482E /* CMBNewListingViewController.m in Sources */ = {isa = PBXBuildFile; fileRef = 83025AF618BC1C8900EB482E /* CMBNewListingViewController.m */; };
		83025AFA18BC270A00EB482E /* CMBListingsTableViewController.m in Sources */ = {isa = PBXBuildFile; fileRef = 83025AF918BC270A00EB482E /* CMBListingsTableViewController.m */; };
		83025B0018BC436400EB482E /* CMBSettingsTableViewController.m in Sources */ = {isa = PBXBuildFile; fileRef = 83025AFF18BC436400EB482E /* CMBSettingsTableViewController.m */; };
		83025B0318BC505900EB482E /* CMBListingPreviewViewController.m in Sources */ = {isa = PBXBuildFile; fileRef = 83025B0218BC505900EB482E /* CMBListingPreviewViewController.m */; };
		83025B0618BC53A600EB482E /* CMBBookListingsViewController.m in Sources */ = {isa = PBXBuildFile; fileRef = 83025B0518BC53A600EB482E /* CMBBookListingsViewController.m */; };
		83025B0918BC57C300EB482E /* CMBListingViewController.m in Sources */ = {isa = PBXBuildFile; fileRef = 83025B0818BC57C300EB482E /* CMBListingViewController.m */; };
		83025B0C18C57F8400EB482E /* CMBBookCell.m in Sources */ = {isa = PBXBuildFile; fileRef = 83025B0B18C57F8400EB482E /* CMBBookCell.m */; };
		83025B1018C58D0F00EB482E /* CMBListingCell.m in Sources */ = {isa = PBXBuildFile; fileRef = 83025B0F18C58D0F00EB482E /* CMBListingCell.m */; };
		8321252E18F384D30083784B /* CMBBookViewController.m in Sources */ = {isa = PBXBuildFile; fileRef = 8321252D18F384D30083784B /* CMBBookViewController.m */; };
		83721A2B18CEC887002804CD /* CMBLoginScreenViewController.m in Sources */ = {isa = PBXBuildFile; fileRef = 83721A2A18CEC887002804CD /* CMBLoginScreenViewController.m */; };
		83A663DD18EA520500AF3F6D /* Main.storyboard in Resources */ = {isa = PBXBuildFile; fileRef = 83A663DC18EA520500AF3F6D /* Main.storyboard */; };
		83D2015618F3E16D002B0A0F /* CMBProfileViewController.m in Sources */ = {isa = PBXBuildFile; fileRef = 83D2015518F3E16D002B0A0F /* CMBProfileViewController.m */; };
/* End PBXBuildFile section */

/* Begin PBXContainerItemProxy section */
		83025ACA18B97EE600EB482E /* PBXContainerItemProxy */ = {
			isa = PBXContainerItemProxy;
			containerPortal = 83025AA218B97EE500EB482E /* Project object */;
			proxyType = 1;
			remoteGlobalIDString = 83025AA918B97EE500EB482E;
			remoteInfo = ClaremontBooks;
		};
/* End PBXContainerItemProxy section */

/* Begin PBXFileReference section */
		83025AAA18B97EE500EB482E /* ClaremontBooks.app */ = {isa = PBXFileReference; explicitFileType = wrapper.application; includeInIndex = 0; path = ClaremontBooks.app; sourceTree = BUILT_PRODUCTS_DIR; };
		83025AAD18B97EE500EB482E /* Foundation.framework */ = {isa = PBXFileReference; lastKnownFileType = wrapper.framework; name = Foundation.framework; path = System/Library/Frameworks/Foundation.framework; sourceTree = SDKROOT; };
		83025AAF18B97EE500EB482E /* CoreGraphics.framework */ = {isa = PBXFileReference; lastKnownFileType = wrapper.framework; name = CoreGraphics.framework; path = System/Library/Frameworks/CoreGraphics.framework; sourceTree = SDKROOT; };
		83025AB118B97EE500EB482E /* UIKit.framework */ = {isa = PBXFileReference; lastKnownFileType = wrapper.framework; name = UIKit.framework; path = System/Library/Frameworks/UIKit.framework; sourceTree = SDKROOT; };
		83025AB518B97EE500EB482E /* ClaremontBooks-Info.plist */ = {isa = PBXFileReference; lastKnownFileType = text.plist.xml; path = "ClaremontBooks-Info.plist"; sourceTree = "<group>"; };
		83025AB718B97EE500EB482E /* en */ = {isa = PBXFileReference; lastKnownFileType = text.plist.strings; name = en; path = en.lproj/InfoPlist.strings; sourceTree = "<group>"; };
		83025AB918B97EE500EB482E /* main.m */ = {isa = PBXFileReference; lastKnownFileType = sourcecode.c.objc; path = main.m; sourceTree = "<group>"; };
		83025ABB18B97EE500EB482E /* ClaremontBooks-Prefix.pch */ = {isa = PBXFileReference; lastKnownFileType = sourcecode.c.h; path = "ClaremontBooks-Prefix.pch"; sourceTree = "<group>"; };
		83025ABC18B97EE500EB482E /* CMBAppDelegate.h */ = {isa = PBXFileReference; lastKnownFileType = sourcecode.c.h; path = CMBAppDelegate.h; sourceTree = "<group>"; };
		83025ABD18B97EE500EB482E /* CMBAppDelegate.m */ = {isa = PBXFileReference; lastKnownFileType = sourcecode.c.objc; path = CMBAppDelegate.m; sourceTree = "<group>"; };
		83025ABF18B97EE500EB482E /* Images.xcassets */ = {isa = PBXFileReference; lastKnownFileType = folder.assetcatalog; path = Images.xcassets; sourceTree = "<group>"; };
		83025AC518B97EE600EB482E /* ClaremontBooksTests.xctest */ = {isa = PBXFileReference; explicitFileType = wrapper.cfbundle; includeInIndex = 0; path = ClaremontBooksTests.xctest; sourceTree = BUILT_PRODUCTS_DIR; };
		83025AC618B97EE600EB482E /* XCTest.framework */ = {isa = PBXFileReference; lastKnownFileType = wrapper.framework; name = XCTest.framework; path = Library/Frameworks/XCTest.framework; sourceTree = DEVELOPER_DIR; };
		83025ACE18B97EE600EB482E /* ClaremontBooksTests-Info.plist */ = {isa = PBXFileReference; lastKnownFileType = text.plist.xml; path = "ClaremontBooksTests-Info.plist"; sourceTree = "<group>"; };
		83025AD018B97EE600EB482E /* en */ = {isa = PBXFileReference; lastKnownFileType = text.plist.strings; name = en; path = en.lproj/InfoPlist.strings; sourceTree = "<group>"; };
		83025AD218B97EE600EB482E /* ClaremontBooksTests.m */ = {isa = PBXFileReference; lastKnownFileType = sourcecode.c.objc; path = ClaremontBooksTests.m; sourceTree = "<group>"; };
		83025ADC18B9800100EB482E /* CMBMainScreenViewController.h */ = {isa = PBXFileReference; fileEncoding = 4; lastKnownFileType = sourcecode.c.h; path = CMBMainScreenViewController.h; sourceTree = "<group>"; };
		83025ADD18B9800100EB482E /* CMBMainScreenViewController.m */ = {isa = PBXFileReference; fileEncoding = 4; lastKnownFileType = sourcecode.c.objc; path = CMBMainScreenViewController.m; sourceTree = "<group>"; };
		83025AE418B9863500EB482E /* CMBNewBookEntryViewController.h */ = {isa = PBXFileReference; fileEncoding = 4; lastKnownFileType = sourcecode.c.h; path = CMBNewBookEntryViewController.h; sourceTree = "<group>"; };
		83025AE518B9863500EB482E /* CMBNewBookEntryViewController.m */ = {isa = PBXFileReference; fileEncoding = 4; lastKnownFileType = sourcecode.c.objc; path = CMBNewBookEntryViewController.m; sourceTree = "<group>"; };
		83025AED18BC124A00EB482E /* TPKeyboardAvoidingScrollView.h */ = {isa = PBXFileReference; fileEncoding = 4; lastKnownFileType = sourcecode.c.h; name = TPKeyboardAvoidingScrollView.h; path = ../TPKeyboardAvoidingScrollView.h; sourceTree = "<group>"; };
		83025AEE18BC124A00EB482E /* TPKeyboardAvoidingScrollView.m */ = {isa = PBXFileReference; fileEncoding = 4; lastKnownFileType = sourcecode.c.objc; name = TPKeyboardAvoidingScrollView.m; path = ../TPKeyboardAvoidingScrollView.m; sourceTree = "<group>"; };
		83025AF018BC12ED00EB482E /* UIScrollView+TPKeyboardAvoidingAdditions.h */ = {isa = PBXFileReference; fileEncoding = 4; lastKnownFileType = sourcecode.c.h; path = "UIScrollView+TPKeyboardAvoidingAdditions.h"; sourceTree = "<group>"; };
		83025AF118BC12ED00EB482E /* UIScrollView+TPKeyboardAvoidingAdditions.m */ = {isa = PBXFileReference; fileEncoding = 4; lastKnownFileType = sourcecode.c.objc; path = "UIScrollView+TPKeyboardAvoidingAdditions.m"; sourceTree = "<group>"; };
		83025AF518BC1C8900EB482E /* CMBNewListingViewController.h */ = {isa = PBXFileReference; fileEncoding = 4; lastKnownFileType = sourcecode.c.h; path = CMBNewListingViewController.h; sourceTree = "<group>"; };
		83025AF618BC1C8900EB482E /* CMBNewListingViewController.m */ = {isa = PBXFileReference; fileEncoding = 4; lastKnownFileType = sourcecode.c.objc; path = CMBNewListingViewController.m; sourceTree = "<group>"; };
		83025AF818BC270A00EB482E /* CMBListingsTableViewController.h */ = {isa = PBXFileReference; fileEncoding = 4; lastKnownFileType = sourcecode.c.h; path = CMBListingsTableViewController.h; sourceTree = "<group>"; };
		83025AF918BC270A00EB482E /* CMBListingsTableViewController.m */ = {isa = PBXFileReference; fileEncoding = 4; lastKnownFileType = sourcecode.c.objc; path = CMBListingsTableViewController.m; sourceTree = "<group>"; };
		83025AFE18BC436400EB482E /* CMBSettingsTableViewController.h */ = {isa = PBXFileReference; fileEncoding = 4; lastKnownFileType = sourcecode.c.h; path = CMBSettingsTableViewController.h; sourceTree = "<group>"; };
		83025AFF18BC436400EB482E /* CMBSettingsTableViewController.m */ = {isa = PBXFileReference; fileEncoding = 4; lastKnownFileType = sourcecode.c.objc; path = CMBSettingsTableViewController.m; sourceTree = "<group>"; };
		83025B0118BC505900EB482E /* CMBListingPreviewViewController.h */ = {isa = PBXFileReference; fileEncoding = 4; lastKnownFileType = sourcecode.c.h; path = CMBListingPreviewViewController.h; sourceTree = "<group>"; };
		83025B0218BC505900EB482E /* CMBListingPreviewViewController.m */ = {isa = PBXFileReference; fileEncoding = 4; lastKnownFileType = sourcecode.c.objc; path = CMBListingPreviewViewController.m; sourceTree = "<group>"; };
		83025B0418BC53A600EB482E /* CMBBookListingsViewController.h */ = {isa = PBXFileReference; fileEncoding = 4; lastKnownFileType = sourcecode.c.h; path = CMBBookListingsViewController.h; sourceTree = "<group>"; };
		83025B0518BC53A600EB482E /* CMBBookListingsViewController.m */ = {isa = PBXFileReference; fileEncoding = 4; lastKnownFileType = sourcecode.c.objc; path = CMBBookListingsViewController.m; sourceTree = "<group>"; };
		83025B0718BC57C300EB482E /* CMBListingViewController.h */ = {isa = PBXFileReference; fileEncoding = 4; lastKnownFileType = sourcecode.c.h; path = CMBListingViewController.h; sourceTree = "<group>"; };
		83025B0818BC57C300EB482E /* CMBListingViewController.m */ = {isa = PBXFileReference; fileEncoding = 4; lastKnownFileType = sourcecode.c.objc; path = CMBListingViewController.m; sourceTree = "<group>"; };
		83025B0A18C57F8400EB482E /* CMBBookCell.h */ = {isa = PBXFileReference; fileEncoding = 4; lastKnownFileType = sourcecode.c.h; path = CMBBookCell.h; sourceTree = "<group>"; };
		83025B0B18C57F8400EB482E /* CMBBookCell.m */ = {isa = PBXFileReference; fileEncoding = 4; lastKnownFileType = sourcecode.c.objc; path = CMBBookCell.m; sourceTree = "<group>"; };
		83025B0E18C58D0F00EB482E /* CMBListingCell.h */ = {isa = PBXFileReference; fileEncoding = 4; lastKnownFileType = sourcecode.c.h; path = CMBListingCell.h; sourceTree = "<group>"; };
		83025B0F18C58D0F00EB482E /* CMBListingCell.m */ = {isa = PBXFileReference; fileEncoding = 4; lastKnownFileType = sourcecode.c.objc; path = CMBListingCell.m; sourceTree = "<group>"; };
		8321252C18F384D30083784B /* CMBBookViewController.h */ = {isa = PBXFileReference; fileEncoding = 4; lastKnownFileType = sourcecode.c.h; path = CMBBookViewController.h; sourceTree = "<group>"; };
		8321252D18F384D30083784B /* CMBBookViewController.m */ = {isa = PBXFileReference; fileEncoding = 4; lastKnownFileType = sourcecode.c.objc; path = CMBBookViewController.m; sourceTree = "<group>"; };
		83721A2918CEC887002804CD /* CMBLoginScreenViewController.h */ = {isa = PBXFileReference; fileEncoding = 4; lastKnownFileType = sourcecode.c.h; path = CMBLoginScreenViewController.h; sourceTree = "<group>"; };
		83721A2A18CEC887002804CD /* CMBLoginScreenViewController.m */ = {isa = PBXFileReference; fileEncoding = 4; lastKnownFileType = sourcecode.c.objc; path = CMBLoginScreenViewController.m; sourceTree = "<group>"; };
		83A663DC18EA520500AF3F6D /* Main.storyboard */ = {isa = PBXFileReference; fileEncoding = 4; lastKnownFileType = file.storyboard; path = Main.storyboard; sourceTree = "<group>"; };
		83D2015418F3E16D002B0A0F /* CMBProfileViewController.h */ = {isa = PBXFileReference; fileEncoding = 4; lastKnownFileType = sourcecode.c.h; path = CMBProfileViewController.h; sourceTree = "<group>"; };
		83D2015518F3E16D002B0A0F /* CMBProfileViewController.m */ = {isa = PBXFileReference; fileEncoding = 4; lastKnownFileType = sourcecode.c.objc; path = CMBProfileViewController.m; sourceTree = "<group>"; };
/* End PBXFileReference section */

/* Begin PBXFrameworksBuildPhase section */
		83025AA718B97EE500EB482E /* Frameworks */ = {
			isa = PBXFrameworksBuildPhase;
			buildActionMask = 2147483647;
			files = (
				83025AB018B97EE500EB482E /* CoreGraphics.framework in Frameworks */,
				83025AB218B97EE500EB482E /* UIKit.framework in Frameworks */,
				83025AAE18B97EE500EB482E /* Foundation.framework in Frameworks */,
			);
			runOnlyForDeploymentPostprocessing = 0;
		};
		83025AC218B97EE600EB482E /* Frameworks */ = {
			isa = PBXFrameworksBuildPhase;
			buildActionMask = 2147483647;
			files = (
				83025AC718B97EE600EB482E /* XCTest.framework in Frameworks */,
				83025AC918B97EE600EB482E /* UIKit.framework in Frameworks */,
				83025AC818B97EE600EB482E /* Foundation.framework in Frameworks */,
			);
			runOnlyForDeploymentPostprocessing = 0;
		};
/* End PBXFrameworksBuildPhase section */

/* Begin PBXGroup section */
		83025AA118B97EE500EB482E = {
			isa = PBXGroup;
			children = (
				83025AB318B97EE500EB482E /* ClaremontBooks */,
				83025ACC18B97EE600EB482E /* ClaremontBooksTests */,
				83025AAC18B97EE500EB482E /* Frameworks */,
				83025AAB18B97EE500EB482E /* Products */,
			);
			sourceTree = "<group>";
		};
		83025AAB18B97EE500EB482E /* Products */ = {
			isa = PBXGroup;
			children = (
				83025AAA18B97EE500EB482E /* ClaremontBooks.app */,
				83025AC518B97EE600EB482E /* ClaremontBooksTests.xctest */,
			);
			name = Products;
			sourceTree = "<group>";
		};
		83025AAC18B97EE500EB482E /* Frameworks */ = {
			isa = PBXGroup;
			children = (
				83025AAD18B97EE500EB482E /* Foundation.framework */,
				83025AAF18B97EE500EB482E /* CoreGraphics.framework */,
				83025AB118B97EE500EB482E /* UIKit.framework */,
				83025AC618B97EE600EB482E /* XCTest.framework */,
			);
			name = Frameworks;
			sourceTree = "<group>";
		};
		83025AB318B97EE500EB482E /* ClaremontBooks */ = {
			isa = PBXGroup;
			children = (
				83A663DC18EA520500AF3F6D /* Main.storyboard */,
				83025AF318BC144600EB482E /* KeyboardAvoidingScrollView */,
				83025AF418BC147200EB482E /* View Controllers */,
				83025ABC18B97EE500EB482E /* CMBAppDelegate.h */,
				83025ABD18B97EE500EB482E /* CMBAppDelegate.m */,
				83025ABF18B97EE500EB482E /* Images.xcassets */,
				83025AB418B97EE500EB482E /* Supporting Files */,
			);
			path = ClaremontBooks;
			sourceTree = "<group>";
		};
		83025AB418B97EE500EB482E /* Supporting Files */ = {
			isa = PBXGroup;
			children = (
				83025AB518B97EE500EB482E /* ClaremontBooks-Info.plist */,
				83025AB618B97EE500EB482E /* InfoPlist.strings */,
				83025AB918B97EE500EB482E /* main.m */,
				83025ABB18B97EE500EB482E /* ClaremontBooks-Prefix.pch */,
			);
			name = "Supporting Files";
			sourceTree = "<group>";
		};
		83025ACC18B97EE600EB482E /* ClaremontBooksTests */ = {
			isa = PBXGroup;
			children = (
				83025AD218B97EE600EB482E /* ClaremontBooksTests.m */,
				83025ACD18B97EE600EB482E /* Supporting Files */,
			);
			path = ClaremontBooksTests;
			sourceTree = "<group>";
		};
		83025ACD18B97EE600EB482E /* Supporting Files */ = {
			isa = PBXGroup;
			children = (
				83025ACE18B97EE600EB482E /* ClaremontBooksTests-Info.plist */,
				83025ACF18B97EE600EB482E /* InfoPlist.strings */,
			);
			name = "Supporting Files";
			sourceTree = "<group>";
		};
		83025AF318BC144600EB482E /* KeyboardAvoidingScrollView */ = {
			isa = PBXGroup;
			children = (
				83025AED18BC124A00EB482E /* TPKeyboardAvoidingScrollView.h */,
				83025AEE18BC124A00EB482E /* TPKeyboardAvoidingScrollView.m */,
				83025AF018BC12ED00EB482E /* UIScrollView+TPKeyboardAvoidingAdditions.h */,
				83025AF118BC12ED00EB482E /* UIScrollView+TPKeyboardAvoidingAdditions.m */,
			);
			name = KeyboardAvoidingScrollView;
			sourceTree = "<group>";
		};
		83025AF418BC147200EB482E /* View Controllers */ = {
			isa = PBXGroup;
			children = (
				83025B0D18C57F9200EB482E /* Cells */,
				83025B0418BC53A600EB482E /* CMBBookListingsViewController.h */,
				83025B0518BC53A600EB482E /* CMBBookListingsViewController.m */,
				8321252C18F384D30083784B /* CMBBookViewController.h */,
				8321252D18F384D30083784B /* CMBBookViewController.m */,
				83025B0118BC505900EB482E /* CMBListingPreviewViewController.h */,
				83025B0218BC505900EB482E /* CMBListingPreviewViewController.m */,
				83025AF818BC270A00EB482E /* CMBListingsTableViewController.h */,
				83025AF918BC270A00EB482E /* CMBListingsTableViewController.m */,
				83025B0718BC57C300EB482E /* CMBListingViewController.h */,
				83025B0818BC57C300EB482E /* CMBListingViewController.m */,
				83721A2918CEC887002804CD /* CMBLoginScreenViewController.h */,
				83721A2A18CEC887002804CD /* CMBLoginScreenViewController.m */,
				83025ADC18B9800100EB482E /* CMBMainScreenViewController.h */,
				83025ADD18B9800100EB482E /* CMBMainScreenViewController.m */,
				83025AE418B9863500EB482E /* CMBNewBookEntryViewController.h */,
				83025AE518B9863500EB482E /* CMBNewBookEntryViewController.m */,
				83025AF518BC1C8900EB482E /* CMBNewListingViewController.h */,
				83025AF618BC1C8900EB482E /* CMBNewListingViewController.m */,
				83D2015418F3E16D002B0A0F /* CMBProfileViewController.h */,
				83D2015518F3E16D002B0A0F /* CMBProfileViewController.m */,
				83025AFE18BC436400EB482E /* CMBSettingsTableViewController.h */,
				83025AFF18BC436400EB482E /* CMBSettingsTableViewController.m */,
			);
			name = "View Controllers";
			sourceTree = "<group>";
		};
		83025B0D18C57F9200EB482E /* Cells */ = {
			isa = PBXGroup;
			children = (
				83025B0A18C57F8400EB482E /* CMBBookCell.h */,
				83025B0B18C57F8400EB482E /* CMBBookCell.m */,
				83025B0E18C58D0F00EB482E /* CMBListingCell.h */,
				83025B0F18C58D0F00EB482E /* CMBListingCell.m */,
			);
			name = Cells;
			sourceTree = "<group>";
		};
/* End PBXGroup section */

/* Begin PBXNativeTarget section */
		83025AA918B97EE500EB482E /* ClaremontBooks */ = {
			isa = PBXNativeTarget;
			buildConfigurationList = 83025AD618B97EE600EB482E /* Build configuration list for PBXNativeTarget "ClaremontBooks" */;
			buildPhases = (
				83025AA618B97EE500EB482E /* Sources */,
				83025AA718B97EE500EB482E /* Frameworks */,
				83025AA818B97EE500EB482E /* Resources */,
			);
			buildRules = (
			);
			dependencies = (
			);
			name = ClaremontBooks;
			productName = ClaremontBooks;
			productReference = 83025AAA18B97EE500EB482E /* ClaremontBooks.app */;
			productType = "com.apple.product-type.application";
		};
		83025AC418B97EE600EB482E /* ClaremontBooksTests */ = {
			isa = PBXNativeTarget;
			buildConfigurationList = 83025AD918B97EE600EB482E /* Build configuration list for PBXNativeTarget "ClaremontBooksTests" */;
			buildPhases = (
				83025AC118B97EE600EB482E /* Sources */,
				83025AC218B97EE600EB482E /* Frameworks */,
				83025AC318B97EE600EB482E /* Resources */,
			);
			buildRules = (
			);
			dependencies = (
				83025ACB18B97EE600EB482E /* PBXTargetDependency */,
			);
			name = ClaremontBooksTests;
			productName = ClaremontBooksTests;
			productReference = 83025AC518B97EE600EB482E /* ClaremontBooksTests.xctest */;
			productType = "com.apple.product-type.bundle.unit-test";
		};
/* End PBXNativeTarget section */

/* Begin PBXProject section */
		83025AA218B97EE500EB482E /* Project object */ = {
			isa = PBXProject;
			attributes = {
				CLASSPREFIX = CMB;
				LastUpgradeCheck = 0500;
				ORGANIZATIONNAME = CS121;
				TargetAttributes = {
					83025AC418B97EE600EB482E = {
						TestTargetID = 83025AA918B97EE500EB482E;
					};
				};
			};
			buildConfigurationList = 83025AA518B97EE500EB482E /* Build configuration list for PBXProject "ClaremontBooks" */;
			compatibilityVersion = "Xcode 3.2";
			developmentRegion = English;
			hasScannedForEncodings = 0;
			knownRegions = (
				en,
			);
			mainGroup = 83025AA118B97EE500EB482E;
			productRefGroup = 83025AAB18B97EE500EB482E /* Products */;
			projectDirPath = "";
			projectRoot = "";
			targets = (
				83025AA918B97EE500EB482E /* ClaremontBooks */,
				83025AC418B97EE600EB482E /* ClaremontBooksTests */,
			);
		};
/* End PBXProject section */

/* Begin PBXResourcesBuildPhase section */
		83025AA818B97EE500EB482E /* Resources */ = {
			isa = PBXResourcesBuildPhase;
			buildActionMask = 2147483647;
			files = (
				83A663DD18EA520500AF3F6D /* Main.storyboard in Resources */,
				83025AB818B97EE500EB482E /* InfoPlist.strings in Resources */,
				83025AC018B97EE500EB482E /* Images.xcassets in Resources */,
			);
			runOnlyForDeploymentPostprocessing = 0;
		};
		83025AC318B97EE600EB482E /* Resources */ = {
			isa = PBXResourcesBuildPhase;
			buildActionMask = 2147483647;
			files = (
				83025AD118B97EE600EB482E /* InfoPlist.strings in Resources */,
			);
			runOnlyForDeploymentPostprocessing = 0;
		};
/* End PBXResourcesBuildPhase section */

/* Begin PBXSourcesBuildPhase section */
		83025AA618B97EE500EB482E /* Sources */ = {
			isa = PBXSourcesBuildPhase;
			buildActionMask = 2147483647;
			files = (
				83025ABA18B97EE500EB482E /* main.m in Sources */,
				83025B0018BC436400EB482E /* CMBSettingsTableViewController.m in Sources */,
				83D2015618F3E16D002B0A0F /* CMBProfileViewController.m in Sources */,
				83025B0618BC53A600EB482E /* CMBBookListingsViewController.m in Sources */,
				83025B0C18C57F8400EB482E /* CMBBookCell.m in Sources */,
				83025ABE18B97EE500EB482E /* CMBAppDelegate.m in Sources */,
				83025B1018C58D0F00EB482E /* CMBListingCell.m in Sources */,
				83025B0318BC505900EB482E /* CMBListingPreviewViewController.m in Sources */,
				83025AFA18BC270A00EB482E /* CMBListingsTableViewController.m in Sources */,
				83025AF218BC12ED00EB482E /* UIScrollView+TPKeyboardAvoidingAdditions.m in Sources */,
				83025AEF18BC124A00EB482E /* TPKeyboardAvoidingScrollView.m in Sources */,
				83025B0918BC57C300EB482E /* CMBListingViewController.m in Sources */,
				83721A2B18CEC887002804CD /* CMBLoginScreenViewController.m in Sources */,
				83025AF718BC1C8900EB482E /* CMBNewListingViewController.m in Sources */,
				83025AE618B9863500EB482E /* CMBNewBookEntryViewController.m in Sources */,
				8321252E18F384D30083784B /* CMBBookViewController.m in Sources */,
				83025ADE18B9800100EB482E /* CMBMainScreenViewController.m in Sources */,
			);
			runOnlyForDeploymentPostprocessing = 0;
		};
		83025AC118B97EE600EB482E /* Sources */ = {
			isa = PBXSourcesBuildPhase;
			buildActionMask = 2147483647;
			files = (
				83025AD318B97EE600EB482E /* ClaremontBooksTests.m in Sources */,
			);
			runOnlyForDeploymentPostprocessing = 0;
		};
/* End PBXSourcesBuildPhase section */

/* Begin PBXTargetDependency section */
		83025ACB18B97EE600EB482E /* PBXTargetDependency */ = {
			isa = PBXTargetDependency;
			target = 83025AA918B97EE500EB482E /* ClaremontBooks */;
			targetProxy = 83025ACA18B97EE600EB482E /* PBXContainerItemProxy */;
		};
/* End PBXTargetDependency section */

/* Begin PBXVariantGroup section */
		83025AB618B97EE500EB482E /* InfoPlist.strings */ = {
			isa = PBXVariantGroup;
			children = (
				83025AB718B97EE500EB482E /* en */,
			);
			name = InfoPlist.strings;
			sourceTree = "<group>";
		};
		83025ACF18B97EE600EB482E /* InfoPlist.strings */ = {
			isa = PBXVariantGroup;
			children = (
				83025AD018B97EE600EB482E /* en */,
			);
			name = InfoPlist.strings;
			sourceTree = "<group>";
		};
/* End PBXVariantGroup section */

/* Begin XCBuildConfiguration section */
		83025AD418B97EE600EB482E /* Debug */ = {
			isa = XCBuildConfiguration;
			buildSettings = {
				ALWAYS_SEARCH_USER_PATHS = NO;
				ARCHS = "$(ARCHS_STANDARD_INCLUDING_64_BIT)";
				CLANG_CXX_LANGUAGE_STANDARD = "gnu++0x";
				CLANG_CXX_LIBRARY = "libc++";
				CLANG_ENABLE_MODULES = YES;
				CLANG_ENABLE_OBJC_ARC = YES;
				CLANG_WARN_BOOL_CONVERSION = YES;
				CLANG_WARN_CONSTANT_CONVERSION = YES;
				CLANG_WARN_DIRECT_OBJC_ISA_USAGE = YES_ERROR;
				CLANG_WARN_EMPTY_BODY = YES;
				CLANG_WARN_ENUM_CONVERSION = YES;
				CLANG_WARN_INT_CONVERSION = YES;
				CLANG_WARN_OBJC_ROOT_CLASS = YES_ERROR;
				CLANG_WARN__DUPLICATE_METHOD_MATCH = YES;
				"CODE_SIGN_IDENTITY[sdk=iphoneos*]" = "iPhone Developer";
				COPY_PHASE_STRIP = NO;
				GCC_C_LANGUAGE_STANDARD = gnu99;
				GCC_DYNAMIC_NO_PIC = NO;
				GCC_OPTIMIZATION_LEVEL = 0;
				GCC_PREPROCESSOR_DEFINITIONS = (
					"DEBUG=1",
					"$(inherited)",
				);
				GCC_SYMBOLS_PRIVATE_EXTERN = NO;
				GCC_WARN_64_TO_32_BIT_CONVERSION = YES;
				GCC_WARN_ABOUT_RETURN_TYPE = YES_ERROR;
				GCC_WARN_UNDECLARED_SELECTOR = YES;
				GCC_WARN_UNINITIALIZED_AUTOS = YES;
				GCC_WARN_UNUSED_FUNCTION = YES;
				GCC_WARN_UNUSED_VARIABLE = YES;
				IPHONEOS_DEPLOYMENT_TARGET = 7.0;
				ONLY_ACTIVE_ARCH = YES;
				SDKROOT = iphoneos;
			};
			name = Debug;
		};
		83025AD518B97EE600EB482E /* Release */ = {
			isa = XCBuildConfiguration;
			buildSettings = {
				ALWAYS_SEARCH_USER_PATHS = NO;
				ARCHS = "$(ARCHS_STANDARD_INCLUDING_64_BIT)";
				CLANG_CXX_LANGUAGE_STANDARD = "gnu++0x";
				CLANG_CXX_LIBRARY = "libc++";
				CLANG_ENABLE_MODULES = YES;
				CLANG_ENABLE_OBJC_ARC = YES;
				CLANG_WARN_BOOL_CONVERSION = YES;
				CLANG_WARN_CONSTANT_CONVERSION = YES;
				CLANG_WARN_DIRECT_OBJC_ISA_USAGE = YES_ERROR;
				CLANG_WARN_EMPTY_BODY = YES;
				CLANG_WARN_ENUM_CONVERSION = YES;
				CLANG_WARN_INT_CONVERSION = YES;
				CLANG_WARN_OBJC_ROOT_CLASS = YES_ERROR;
				CLANG_WARN__DUPLICATE_METHOD_MATCH = YES;
				"CODE_SIGN_IDENTITY[sdk=iphoneos*]" = "iPhone Developer";
				COPY_PHASE_STRIP = YES;
				ENABLE_NS_ASSERTIONS = NO;
				GCC_C_LANGUAGE_STANDARD = gnu99;
				GCC_WARN_64_TO_32_BIT_CONVERSION = YES;
				GCC_WARN_ABOUT_RETURN_TYPE = YES_ERROR;
				GCC_WARN_UNDECLARED_SELECTOR = YES;
				GCC_WARN_UNINITIALIZED_AUTOS = YES;
				GCC_WARN_UNUSED_FUNCTION = YES;
				GCC_WARN_UNUSED_VARIABLE = YES;
				IPHONEOS_DEPLOYMENT_TARGET = 7.0;
				SDKROOT = iphoneos;
				VALIDATE_PRODUCT = YES;
			};
			name = Release;
		};
		83025AD718B97EE600EB482E /* Debug */ = {
			isa = XCBuildConfiguration;
			buildSettings = {
				ASSETCATALOG_COMPILER_APPICON_NAME = AppIcon;
				ASSETCATALOG_COMPILER_LAUNCHIMAGE_NAME = LaunchImage;
				GCC_PRECOMPILE_PREFIX_HEADER = YES;
				GCC_PREFIX_HEADER = "ClaremontBooks/ClaremontBooks-Prefix.pch";
				INFOPLIST_FILE = "ClaremontBooks/ClaremontBooks-Info.plist";
				PRODUCT_NAME = "$(TARGET_NAME)";
				WRAPPER_EXTENSION = app;
			};
			name = Debug;
		};
		83025AD818B97EE600EB482E /* Release */ = {
			isa = XCBuildConfiguration;
			buildSettings = {
				ASSETCATALOG_COMPILER_APPICON_NAME = AppIcon;
				ASSETCATALOG_COMPILER_LAUNCHIMAGE_NAME = LaunchImage;
				GCC_PRECOMPILE_PREFIX_HEADER = YES;
				GCC_PREFIX_HEADER = "ClaremontBooks/ClaremontBooks-Prefix.pch";
				INFOPLIST_FILE = "ClaremontBooks/ClaremontBooks-Info.plist";
				PRODUCT_NAME = "$(TARGET_NAME)";
				WRAPPER_EXTENSION = app;
			};
			name = Release;
		};
		83025ADA18B97EE600EB482E /* Debug */ = {
			isa = XCBuildConfiguration;
			buildSettings = {
				ARCHS = "$(ARCHS_STANDARD_INCLUDING_64_BIT)";
				BUNDLE_LOADER = "$(BUILT_PRODUCTS_DIR)/ClaremontBooks.app/ClaremontBooks";
				FRAMEWORK_SEARCH_PATHS = (
					"$(SDKROOT)/Developer/Library/Frameworks",
					"$(inherited)",
					"$(DEVELOPER_FRAMEWORKS_DIR)",
				);
				GCC_PRECOMPILE_PREFIX_HEADER = YES;
				GCC_PREFIX_HEADER = "ClaremontBooks/ClaremontBooks-Prefix.pch";
				GCC_PREPROCESSOR_DEFINITIONS = (
					"DEBUG=1",
					"$(inherited)",
				);
				INFOPLIST_FILE = "ClaremontBooksTests/ClaremontBooksTests-Info.plist";
				PRODUCT_NAME = "$(TARGET_NAME)";
				TEST_HOST = "$(BUNDLE_LOADER)";
				WRAPPER_EXTENSION = xctest;
			};
			name = Debug;
		};
		83025ADB18B97EE600EB482E /* Release */ = {
			isa = XCBuildConfiguration;
			buildSettings = {
				ARCHS = "$(ARCHS_STANDARD_INCLUDING_64_BIT)";
				BUNDLE_LOADER = "$(BUILT_PRODUCTS_DIR)/ClaremontBooks.app/ClaremontBooks";
				FRAMEWORK_SEARCH_PATHS = (
					"$(SDKROOT)/Developer/Library/Frameworks",
					"$(inherited)",
					"$(DEVELOPER_FRAMEWORKS_DIR)",
				);
				GCC_PRECOMPILE_PREFIX_HEADER = YES;
				GCC_PREFIX_HEADER = "ClaremontBooks/ClaremontBooks-Prefix.pch";
				INFOPLIST_FILE = "ClaremontBooksTests/ClaremontBooksTests-Info.plist";
				PRODUCT_NAME = "$(TARGET_NAME)";
				TEST_HOST = "$(BUNDLE_LOADER)";
				WRAPPER_EXTENSION = xctest;
			};
			name = Release;
		};
/* End XCBuildConfiguration section */

/* Begin XCConfigurationList section */
		83025AA518B97EE500EB482E /* Build configuration list for PBXProject "ClaremontBooks" */ = {
			isa = XCConfigurationList;
			buildConfigurations = (
				83025AD418B97EE600EB482E /* Debug */,
				83025AD518B97EE600EB482E /* Release */,
			);
			defaultConfigurationIsVisible = 0;
			defaultConfigurationName = Release;
		};
		83025AD618B97EE600EB482E /* Build configuration list for PBXNativeTarget "ClaremontBooks" */ = {
			isa = XCConfigurationList;
			buildConfigurations = (
				83025AD718B97EE600EB482E /* Debug */,
				83025AD818B97EE600EB482E /* Release */,
			);
			defaultConfigurationIsVisible = 0;
			defaultConfigurationName = Release;
		};
		83025AD918B97EE600EB482E /* Build configuration list for PBXNativeTarget "ClaremontBooksTests" */ = {
			isa = XCConfigurationList;
			buildConfigurations = (
				83025ADA18B97EE600EB482E /* Debug */,
				83025ADB18B97EE600EB482E /* Release */,
			);
			defaultConfigurationIsVisible = 0;
			defaultConfigurationName = Release;
		};
/* End XCConfigurationList section */
	};
	rootObject = 83025AA218B97EE500EB482E /* Project object */;
}
