// !$*UTF8*$!
{
	archiveVersion = 1;
	classes = {
	};
	objectVersion = 46;
	objects = {

/* Begin PBXBuildFile section */
		83DB757818B0320D001BCD04 /* Foundation.framework in Frameworks */ = {isa = PBXBuildFile; fileRef = 83DB757718B0320D001BCD04 /* Foundation.framework */; };
		83DB757A18B0320D001BCD04 /* CoreGraphics.framework in Frameworks */ = {isa = PBXBuildFile; fileRef = 83DB757918B0320D001BCD04 /* CoreGraphics.framework */; };
		83DB757C18B0320D001BCD04 /* UIKit.framework in Frameworks */ = {isa = PBXBuildFile; fileRef = 83DB757B18B0320D001BCD04 /* UIKit.framework */; };
		83DB758218B0320D001BCD04 /* InfoPlist.strings in Resources */ = {isa = PBXBuildFile; fileRef = 83DB758018B0320D001BCD04 /* InfoPlist.strings */; };
		83DB758418B0320D001BCD04 /* main.m in Sources */ = {isa = PBXBuildFile; fileRef = 83DB758318B0320D001BCD04 /* main.m */; };
		83DB758818B0320D001BCD04 /* AppDelegate.m in Sources */ = {isa = PBXBuildFile; fileRef = 83DB758718B0320D001BCD04 /* AppDelegate.m */; };
		83DB758B18B0320D001BCD04 /* Main.storyboard in Resources */ = {isa = PBXBuildFile; fileRef = 83DB758918B0320D001BCD04 /* Main.storyboard */; };
		83DB758E18B0320D001BCD04 /* MasterViewController.m in Sources */ = {isa = PBXBuildFile; fileRef = 83DB758D18B0320D001BCD04 /* MasterViewController.m */; };
		83DB759118B0320D001BCD04 /* DetailViewController.m in Sources */ = {isa = PBXBuildFile; fileRef = 83DB759018B0320D001BCD04 /* DetailViewController.m */; };
		83DB759318B0320D001BCD04 /* Images.xcassets in Resources */ = {isa = PBXBuildFile; fileRef = 83DB759218B0320D001BCD04 /* Images.xcassets */; };
		83DB759A18B0320E001BCD04 /* XCTest.framework in Frameworks */ = {isa = PBXBuildFile; fileRef = 83DB759918B0320E001BCD04 /* XCTest.framework */; };
		83DB759B18B0320E001BCD04 /* Foundation.framework in Frameworks */ = {isa = PBXBuildFile; fileRef = 83DB757718B0320D001BCD04 /* Foundation.framework */; };
		83DB759C18B0320E001BCD04 /* UIKit.framework in Frameworks */ = {isa = PBXBuildFile; fileRef = 83DB757B18B0320D001BCD04 /* UIKit.framework */; };
		83DB75A418B0320E001BCD04 /* InfoPlist.strings in Resources */ = {isa = PBXBuildFile; fileRef = 83DB75A218B0320E001BCD04 /* InfoPlist.strings */; };
		83DB75A618B0320E001BCD04 /* testTests.m in Sources */ = {isa = PBXBuildFile; fileRef = 83DB75A518B0320E001BCD04 /* testTests.m */; };
/* End PBXBuildFile section */

/* Begin PBXContainerItemProxy section */
		83DB759D18B0320E001BCD04 /* PBXContainerItemProxy */ = {
			isa = PBXContainerItemProxy;
			containerPortal = 83DB756C18B0320D001BCD04 /* Project object */;
			proxyType = 1;
			remoteGlobalIDString = 83DB757318B0320D001BCD04;
			remoteInfo = test;
		};
/* End PBXContainerItemProxy section */

/* Begin PBXFileReference section */
		83DB757418B0320D001BCD04 /* test.app */ = {isa = PBXFileReference; explicitFileType = wrapper.application; includeInIndex = 0; path = test.app; sourceTree = BUILT_PRODUCTS_DIR; };
		83DB757718B0320D001BCD04 /* Foundation.framework */ = {isa = PBXFileReference; lastKnownFileType = wrapper.framework; name = Foundation.framework; path = System/Library/Frameworks/Foundation.framework; sourceTree = SDKROOT; };
		83DB757918B0320D001BCD04 /* CoreGraphics.framework */ = {isa = PBXFileReference; lastKnownFileType = wrapper.framework; name = CoreGraphics.framework; path = System/Library/Frameworks/CoreGraphics.framework; sourceTree = SDKROOT; };
		83DB757B18B0320D001BCD04 /* UIKit.framework */ = {isa = PBXFileReference; lastKnownFileType = wrapper.framework; name = UIKit.framework; path = System/Library/Frameworks/UIKit.framework; sourceTree = SDKROOT; };
		83DB757F18B0320D001BCD04 /* test-Info.plist */ = {isa = PBXFileReference; lastKnownFileType = text.plist.xml; path = "test-Info.plist"; sourceTree = "<group>"; };
		83DB758118B0320D001BCD04 /* en */ = {isa = PBXFileReference; lastKnownFileType = text.plist.strings; name = en; path = en.lproj/InfoPlist.strings; sourceTree = "<group>"; };
		83DB758318B0320D001BCD04 /* main.m */ = {isa = PBXFileReference; lastKnownFileType = sourcecode.c.objc; path = main.m; sourceTree = "<group>"; };
		83DB758518B0320D001BCD04 /* test-Prefix.pch */ = {isa = PBXFileReference; lastKnownFileType = sourcecode.c.h; path = "test-Prefix.pch"; sourceTree = "<group>"; };
		83DB758618B0320D001BCD04 /* AppDelegate.h */ = {isa = PBXFileReference; lastKnownFileType = sourcecode.c.h; path = AppDelegate.h; sourceTree = "<group>"; };
		83DB758718B0320D001BCD04 /* AppDelegate.m */ = {isa = PBXFileReference; lastKnownFileType = sourcecode.c.objc; path = AppDelegate.m; sourceTree = "<group>"; };
		83DB758A18B0320D001BCD04 /* Base */ = {isa = PBXFileReference; lastKnownFileType = file.storyboard; name = Base; path = Base.lproj/Main.storyboard; sourceTree = "<group>"; };
		83DB758C18B0320D001BCD04 /* MasterViewController.h */ = {isa = PBXFileReference; lastKnownFileType = sourcecode.c.h; path = MasterViewController.h; sourceTree = "<group>"; };
		83DB758D18B0320D001BCD04 /* MasterViewController.m */ = {isa = PBXFileReference; lastKnownFileType = sourcecode.c.objc; path = MasterViewController.m; sourceTree = "<group>"; };
		83DB758F18B0320D001BCD04 /* DetailViewController.h */ = {isa = PBXFileReference; lastKnownFileType = sourcecode.c.h; path = DetailViewController.h; sourceTree = "<group>"; };
		83DB759018B0320D001BCD04 /* DetailViewController.m */ = {isa = PBXFileReference; lastKnownFileType = sourcecode.c.objc; path = DetailViewController.m; sourceTree = "<group>"; };
		83DB759218B0320D001BCD04 /* Images.xcassets */ = {isa = PBXFileReference; lastKnownFileType = folder.assetcatalog; path = Images.xcassets; sourceTree = "<group>"; };
		83DB759818B0320E001BCD04 /* testTests.xctest */ = {isa = PBXFileReference; explicitFileType = wrapper.cfbundle; includeInIndex = 0; path = testTests.xctest; sourceTree = BUILT_PRODUCTS_DIR; };
		83DB759918B0320E001BCD04 /* XCTest.framework */ = {isa = PBXFileReference; lastKnownFileType = wrapper.framework; name = XCTest.framework; path = Library/Frameworks/XCTest.framework; sourceTree = DEVELOPER_DIR; };
		83DB75A118B0320E001BCD04 /* testTests-Info.plist */ = {isa = PBXFileReference; lastKnownFileType = text.plist.xml; path = "testTests-Info.plist"; sourceTree = "<group>"; };
		83DB75A318B0320E001BCD04 /* en */ = {isa = PBXFileReference; lastKnownFileType = text.plist.strings; name = en; path = en.lproj/InfoPlist.strings; sourceTree = "<group>"; };
		83DB75A518B0320E001BCD04 /* testTests.m */ = {isa = PBXFileReference; lastKnownFileType = sourcecode.c.objc; path = testTests.m; sourceTree = "<group>"; };
/* End PBXFileReference section */

/* Begin PBXFrameworksBuildPhase section */
		83DB757118B0320D001BCD04 /* Frameworks */ = {
			isa = PBXFrameworksBuildPhase;
			buildActionMask = 2147483647;
			files = (
				83DB757A18B0320D001BCD04 /* CoreGraphics.framework in Frameworks */,
				83DB757C18B0320D001BCD04 /* UIKit.framework in Frameworks */,
				83DB757818B0320D001BCD04 /* Foundation.framework in Frameworks */,
			);
			runOnlyForDeploymentPostprocessing = 0;
		};
		83DB759518B0320E001BCD04 /* Frameworks */ = {
			isa = PBXFrameworksBuildPhase;
			buildActionMask = 2147483647;
			files = (
				83DB759A18B0320E001BCD04 /* XCTest.framework in Frameworks */,
				83DB759C18B0320E001BCD04 /* UIKit.framework in Frameworks */,
				83DB759B18B0320E001BCD04 /* Foundation.framework in Frameworks */,
			);
			runOnlyForDeploymentPostprocessing = 0;
		};
/* End PBXFrameworksBuildPhase section */

/* Begin PBXGroup section */
		83DB756B18B0320D001BCD04 = {
			isa = PBXGroup;
			children = (
				83DB757D18B0320D001BCD04 /* test */,
				83DB759F18B0320E001BCD04 /* testTests */,
				83DB757618B0320D001BCD04 /* Frameworks */,
				83DB757518B0320D001BCD04 /* Products */,
			);
			sourceTree = "<group>";
		};
		83DB757518B0320D001BCD04 /* Products */ = {
			isa = PBXGroup;
			children = (
				83DB757418B0320D001BCD04 /* test.app */,
				83DB759818B0320E001BCD04 /* testTests.xctest */,
			);
			name = Products;
			sourceTree = "<group>";
		};
		83DB757618B0320D001BCD04 /* Frameworks */ = {
			isa = PBXGroup;
			children = (
				83DB757718B0320D001BCD04 /* Foundation.framework */,
				83DB757918B0320D001BCD04 /* CoreGraphics.framework */,
				83DB757B18B0320D001BCD04 /* UIKit.framework */,
				83DB759918B0320E001BCD04 /* XCTest.framework */,
			);
			name = Frameworks;
			sourceTree = "<group>";
		};
		83DB757D18B0320D001BCD04 /* test */ = {
			isa = PBXGroup;
			children = (
				83DB758618B0320D001BCD04 /* AppDelegate.h */,
				83DB758718B0320D001BCD04 /* AppDelegate.m */,
				83DB758918B0320D001BCD04 /* Main.storyboard */,
				83DB758C18B0320D001BCD04 /* MasterViewController.h */,
				83DB758D18B0320D001BCD04 /* MasterViewController.m */,
				83DB758F18B0320D001BCD04 /* DetailViewController.h */,
				83DB759018B0320D001BCD04 /* DetailViewController.m */,
				83DB759218B0320D001BCD04 /* Images.xcassets */,
				83DB757E18B0320D001BCD04 /* Supporting Files */,
			);
			path = test;
			sourceTree = "<group>";
		};
		83DB757E18B0320D001BCD04 /* Supporting Files */ = {
			isa = PBXGroup;
			children = (
				83DB757F18B0320D001BCD04 /* test-Info.plist */,
				83DB758018B0320D001BCD04 /* InfoPlist.strings */,
				83DB758318B0320D001BCD04 /* main.m */,
				83DB758518B0320D001BCD04 /* test-Prefix.pch */,
			);
			name = "Supporting Files";
			sourceTree = "<group>";
		};
		83DB759F18B0320E001BCD04 /* testTests */ = {
			isa = PBXGroup;
			children = (
				83DB75A518B0320E001BCD04 /* testTests.m */,
				83DB75A018B0320E001BCD04 /* Supporting Files */,
			);
			path = testTests;
			sourceTree = "<group>";
		};
		83DB75A018B0320E001BCD04 /* Supporting Files */ = {
			isa = PBXGroup;
			children = (
				83DB75A118B0320E001BCD04 /* testTests-Info.plist */,
				83DB75A218B0320E001BCD04 /* InfoPlist.strings */,
			);
			name = "Supporting Files";
			sourceTree = "<group>";
		};
/* End PBXGroup section */

/* Begin PBXNativeTarget section */
		83DB757318B0320D001BCD04 /* test */ = {
			isa = PBXNativeTarget;
			buildConfigurationList = 83DB75A918B0320E001BCD04 /* Build configuration list for PBXNativeTarget "test" */;
			buildPhases = (
				83DB757018B0320D001BCD04 /* Sources */,
				83DB757118B0320D001BCD04 /* Frameworks */,
				83DB757218B0320D001BCD04 /* Resources */,
			);
			buildRules = (
			);
			dependencies = (
			);
			name = test;
			productName = test;
			productReference = 83DB757418B0320D001BCD04 /* test.app */;
			productType = "com.apple.product-type.application";
		};
		83DB759718B0320E001BCD04 /* testTests */ = {
			isa = PBXNativeTarget;
			buildConfigurationList = 83DB75AC18B0320E001BCD04 /* Build configuration list for PBXNativeTarget "testTests" */;
			buildPhases = (
				83DB759418B0320E001BCD04 /* Sources */,
				83DB759518B0320E001BCD04 /* Frameworks */,
				83DB759618B0320E001BCD04 /* Resources */,
			);
			buildRules = (
			);
			dependencies = (
				83DB759E18B0320E001BCD04 /* PBXTargetDependency */,
			);
			name = testTests;
			productName = testTests;
			productReference = 83DB759818B0320E001BCD04 /* testTests.xctest */;
			productType = "com.apple.product-type.bundle.unit-test";
		};
/* End PBXNativeTarget section */

/* Begin PBXProject section */
		83DB756C18B0320D001BCD04 /* Project object */ = {
			isa = PBXProject;
			attributes = {
				LastUpgradeCheck = 0500;
				ORGANIZATIONNAME = cs121;
				TargetAttributes = {
					83DB759718B0320E001BCD04 = {
						TestTargetID = 83DB757318B0320D001BCD04;
					};
				};
			};
			buildConfigurationList = 83DB756F18B0320D001BCD04 /* Build configuration list for PBXProject "test" */;
			compatibilityVersion = "Xcode 3.2";
			developmentRegion = English;
			hasScannedForEncodings = 0;
			knownRegions = (
				en,
				Base,
			);
			mainGroup = 83DB756B18B0320D001BCD04;
			productRefGroup = 83DB757518B0320D001BCD04 /* Products */;
			projectDirPath = "";
			projectRoot = "";
			targets = (
				83DB757318B0320D001BCD04 /* test */,
				83DB759718B0320E001BCD04 /* testTests */,
			);
		};
/* End PBXProject section */

/* Begin PBXResourcesBuildPhase section */
		83DB757218B0320D001BCD04 /* Resources */ = {
			isa = PBXResourcesBuildPhase;
			buildActionMask = 2147483647;
			files = (
				83DB759318B0320D001BCD04 /* Images.xcassets in Resources */,
				83DB758218B0320D001BCD04 /* InfoPlist.strings in Resources */,
				83DB758B18B0320D001BCD04 /* Main.storyboard in Resources */,
			);
			runOnlyForDeploymentPostprocessing = 0;
		};
		83DB759618B0320E001BCD04 /* Resources */ = {
			isa = PBXResourcesBuildPhase;
			buildActionMask = 2147483647;
			files = (
				83DB75A418B0320E001BCD04 /* InfoPlist.strings in Resources */,
			);
			runOnlyForDeploymentPostprocessing = 0;
		};
/* End PBXResourcesBuildPhase section */

/* Begin PBXSourcesBuildPhase section */
		83DB757018B0320D001BCD04 /* Sources */ = {
			isa = PBXSourcesBuildPhase;
			buildActionMask = 2147483647;
			files = (
				83DB758818B0320D001BCD04 /* AppDelegate.m in Sources */,
				83DB758E18B0320D001BCD04 /* MasterViewController.m in Sources */,
				83DB758418B0320D001BCD04 /* main.m in Sources */,
				83DB759118B0320D001BCD04 /* DetailViewController.m in Sources */,
			);
			runOnlyForDeploymentPostprocessing = 0;
		};
		83DB759418B0320E001BCD04 /* Sources */ = {
			isa = PBXSourcesBuildPhase;
			buildActionMask = 2147483647;
			files = (
				83DB75A618B0320E001BCD04 /* testTests.m in Sources */,
			);
			runOnlyForDeploymentPostprocessing = 0;
		};
/* End PBXSourcesBuildPhase section */

/* Begin PBXTargetDependency section */
		83DB759E18B0320E001BCD04 /* PBXTargetDependency */ = {
			isa = PBXTargetDependency;
			target = 83DB757318B0320D001BCD04 /* test */;
			targetProxy = 83DB759D18B0320E001BCD04 /* PBXContainerItemProxy */;
		};
/* End PBXTargetDependency section */

/* Begin PBXVariantGroup section */
		83DB758018B0320D001BCD04 /* InfoPlist.strings */ = {
			isa = PBXVariantGroup;
			children = (
				83DB758118B0320D001BCD04 /* en */,
			);
			name = InfoPlist.strings;
			sourceTree = "<group>";
		};
		83DB758918B0320D001BCD04 /* Main.storyboard */ = {
			isa = PBXVariantGroup;
			children = (
				83DB758A18B0320D001BCD04 /* Base */,
			);
			name = Main.storyboard;
			sourceTree = "<group>";
		};
		83DB75A218B0320E001BCD04 /* InfoPlist.strings */ = {
			isa = PBXVariantGroup;
			children = (
				83DB75A318B0320E001BCD04 /* en */,
			);
			name = InfoPlist.strings;
			sourceTree = "<group>";
		};
/* End PBXVariantGroup section */

/* Begin XCBuildConfiguration section */
		83DB75A718B0320E001BCD04 /* Debug */ = {
			isa = XCBuildConfiguration;
			buildSettings = {
				ALWAYS_SEARCH_USER_PATHS = NO;
				ARCHS = "$(ARCHS_STANDARD_INCLUDING_64_BIT)";
				CLANG_CXX_LANGUAGE_STANDARD = "gnu++0x";
				CLANG_CXX_LIBRARY = "libc++";
				CLANG_ENABLE_MODULES = YES;
				CLANG_ENABLE_OBJC_ARC = YES;
				CLANG_WARN_BOOL_CONVERSION = YES;
				CLANG_WARN_CONSTANT_CONVERSION = YES;
				CLANG_WARN_DIRECT_OBJC_ISA_USAGE = YES_ERROR;
				CLANG_WARN_EMPTY_BODY = YES;
				CLANG_WARN_ENUM_CONVERSION = YES;
				CLANG_WARN_INT_CONVERSION = YES;
				CLANG_WARN_OBJC_ROOT_CLASS = YES_ERROR;
				CLANG_WARN__DUPLICATE_METHOD_MATCH = YES;
				"CODE_SIGN_IDENTITY[sdk=iphoneos*]" = "iPhone Developer";
				COPY_PHASE_STRIP = NO;
				GCC_C_LANGUAGE_STANDARD = gnu99;
				GCC_DYNAMIC_NO_PIC = NO;
				GCC_OPTIMIZATION_LEVEL = 0;
				GCC_PREPROCESSOR_DEFINITIONS = (
					"DEBUG=1",
					"$(inherited)",
				);
				GCC_SYMBOLS_PRIVATE_EXTERN = NO;
				GCC_WARN_64_TO_32_BIT_CONVERSION = YES;
				GCC_WARN_ABOUT_RETURN_TYPE = YES_ERROR;
				GCC_WARN_UNDECLARED_SELECTOR = YES;
				GCC_WARN_UNINITIALIZED_AUTOS = YES;
				GCC_WARN_UNUSED_FUNCTION = YES;
				GCC_WARN_UNUSED_VARIABLE = YES;
				IPHONEOS_DEPLOYMENT_TARGET = 7.0;
				ONLY_ACTIVE_ARCH = YES;
				SDKROOT = iphoneos;
			};
			name = Debug;
		};
		83DB75A818B0320E001BCD04 /* Release */ = {
			isa = XCBuildConfiguration;
			buildSettings = {
				ALWAYS_SEARCH_USER_PATHS = NO;
				ARCHS = "$(ARCHS_STANDARD_INCLUDING_64_BIT)";
				CLANG_CXX_LANGUAGE_STANDARD = "gnu++0x";
				CLANG_CXX_LIBRARY = "libc++";
				CLANG_ENABLE_MODULES = YES;
				CLANG_ENABLE_OBJC_ARC = YES;
				CLANG_WARN_BOOL_CONVERSION = YES;
				CLANG_WARN_CONSTANT_CONVERSION = YES;
				CLANG_WARN_DIRECT_OBJC_ISA_USAGE = YES_ERROR;
				CLANG_WARN_EMPTY_BODY = YES;
				CLANG_WARN_ENUM_CONVERSION = YES;
				CLANG_WARN_INT_CONVERSION = YES;
				CLANG_WARN_OBJC_ROOT_CLASS = YES_ERROR;
				CLANG_WARN__DUPLICATE_METHOD_MATCH = YES;
				"CODE_SIGN_IDENTITY[sdk=iphoneos*]" = "iPhone Developer";
				COPY_PHASE_STRIP = YES;
				ENABLE_NS_ASSERTIONS = NO;
				GCC_C_LANGUAGE_STANDARD = gnu99;
				GCC_WARN_64_TO_32_BIT_CONVERSION = YES;
				GCC_WARN_ABOUT_RETURN_TYPE = YES_ERROR;
				GCC_WARN_UNDECLARED_SELECTOR = YES;
				GCC_WARN_UNINITIALIZED_AUTOS = YES;
				GCC_WARN_UNUSED_FUNCTION = YES;
				GCC_WARN_UNUSED_VARIABLE = YES;
				IPHONEOS_DEPLOYMENT_TARGET = 7.0;
				SDKROOT = iphoneos;
				VALIDATE_PRODUCT = YES;
			};
			name = Release;
		};
		83DB75AA18B0320E001BCD04 /* Debug */ = {
			isa = XCBuildConfiguration;
			buildSettings = {
				ASSETCATALOG_COMPILER_APPICON_NAME = AppIcon;
				ASSETCATALOG_COMPILER_LAUNCHIMAGE_NAME = LaunchImage;
				GCC_PRECOMPILE_PREFIX_HEADER = YES;
				GCC_PREFIX_HEADER = "test/test-Prefix.pch";
				INFOPLIST_FILE = "test/test-Info.plist";
				PRODUCT_NAME = "$(TARGET_NAME)";
				WRAPPER_EXTENSION = app;
			};
			name = Debug;
		};
		83DB75AB18B0320E001BCD04 /* Release */ = {
			isa = XCBuildConfiguration;
			buildSettings = {
				ASSETCATALOG_COMPILER_APPICON_NAME = AppIcon;
				ASSETCATALOG_COMPILER_LAUNCHIMAGE_NAME = LaunchImage;
				GCC_PRECOMPILE_PREFIX_HEADER = YES;
				GCC_PREFIX_HEADER = "test/test-Prefix.pch";
				INFOPLIST_FILE = "test/test-Info.plist";
				PRODUCT_NAME = "$(TARGET_NAME)";
				WRAPPER_EXTENSION = app;
			};
			name = Release;
		};
		83DB75AD18B0320E001BCD04 /* Debug */ = {
			isa = XCBuildConfiguration;
			buildSettings = {
				ARCHS = "$(ARCHS_STANDARD_INCLUDING_64_BIT)";
				BUNDLE_LOADER = "$(BUILT_PRODUCTS_DIR)/test.app/test";
				FRAMEWORK_SEARCH_PATHS = (
					"$(SDKROOT)/Developer/Library/Frameworks",
					"$(inherited)",
					"$(DEVELOPER_FRAMEWORKS_DIR)",
				);
				GCC_PRECOMPILE_PREFIX_HEADER = YES;
				GCC_PREFIX_HEADER = "test/test-Prefix.pch";
				GCC_PREPROCESSOR_DEFINITIONS = (
					"DEBUG=1",
					"$(inherited)",
				);
				INFOPLIST_FILE = "testTests/testTests-Info.plist";
				PRODUCT_NAME = "$(TARGET_NAME)";
				TEST_HOST = "$(BUNDLE_LOADER)";
				WRAPPER_EXTENSION = xctest;
			};
			name = Debug;
		};
		83DB75AE18B0320E001BCD04 /* Release */ = {
			isa = XCBuildConfiguration;
			buildSettings = {
				ARCHS = "$(ARCHS_STANDARD_INCLUDING_64_BIT)";
				BUNDLE_LOADER = "$(BUILT_PRODUCTS_DIR)/test.app/test";
				FRAMEWORK_SEARCH_PATHS = (
					"$(SDKROOT)/Developer/Library/Frameworks",
					"$(inherited)",
					"$(DEVELOPER_FRAMEWORKS_DIR)",
				);
				GCC_PRECOMPILE_PREFIX_HEADER = YES;
				GCC_PREFIX_HEADER = "test/test-Prefix.pch";
				INFOPLIST_FILE = "testTests/testTests-Info.plist";
				PRODUCT_NAME = "$(TARGET_NAME)";
				TEST_HOST = "$(BUNDLE_LOADER)";
				WRAPPER_EXTENSION = xctest;
			};
			name = Release;
		};
/* End XCBuildConfiguration section */

/* Begin XCConfigurationList section */
		83DB756F18B0320D001BCD04 /* Build configuration list for PBXProject "test" */ = {
			isa = XCConfigurationList;
			buildConfigurations = (
				83DB75A718B0320E001BCD04 /* Debug */,
				83DB75A818B0320E001BCD04 /* Release */,
			);
			defaultConfigurationIsVisible = 0;
			defaultConfigurationName = Release;
		};
		83DB75A918B0320E001BCD04 /* Build configuration list for PBXNativeTarget "test" */ = {
			isa = XCConfigurationList;
			buildConfigurations = (
				83DB75AA18B0320E001BCD04 /* Debug */,
				83DB75AB18B0320E001BCD04 /* Release */,
			);
			defaultConfigurationIsVisible = 0;
		};
		83DB75AC18B0320E001BCD04 /* Build configuration list for PBXNativeTarget "testTests" */ = {
			isa = XCConfigurationList;
			buildConfigurations = (
				83DB75AD18B0320E001BCD04 /* Debug */,
				83DB75AE18B0320E001BCD04 /* Release */,
			);
			defaultConfigurationIsVisible = 0;
		};
/* End XCConfigurationList section */
	};
	rootObject = 83DB756C18B0320D001BCD04 /* Project object */;
}
